{
  "name": "bitcoin_project",
  "version": "1.0.0",
  "lockfileVersion": 1,
  "requires": true,
  "dependencies": {
    "block-pow": {
      "version": "1.0.3",
      "resolved": "https://registry.npmjs.org/block-pow/-/block-pow-1.0.3.tgz",
      "integrity": "sha512-hfbAFCOGj0QdCYsCdhxK6Cll/CPbHM+ATs1+4/yvyhZGqir2CyqOM8JqdwBJ0aDtb1O7ksEp8h47AgGQkTvNxA=="
    }
  }
}
