{
  "name": "bitcoin_project",
  "version": "1.0.0",
  "lockfileVersion": 1,
  "requires": true,
  "dependencies": {
    "block-pow": {
      "version": "1.1.1",
      "resolved": "https://registry.npmjs.org/block-pow/-/block-pow-1.1.1.tgz",
      "integrity": "sha512-ajd8IB4z8U6M2YhxoQFuFcALd4fGSGaEXuMXltFL6IyxED/cK50m1J+MsMfusdrL/tt6NqzqhF9S9W+7xoXuvQ=="
    }
  }
}
